
Microsoft Visual Studio Solution File, Format Version 12.00
# Visual Studio Version 16
VisualStudioVersion = 16.0.29123.88
MinimumVisualStudioVersion = 10.0.40219.1
Project("{FAE04EC0-301F-11D3-BF4B-00C04F79EFBC}") = "Votacao", "Votacao.csproj", "{F67D4544-95DE-48B9-90F3-933886755AA7}"
EndProject
Global
	GlobalSection(SolutionConfigurationPlatforms) = preSolution
		Debug|Any CPU = Debug|Any CPU
		Release|Any CPU = Release|Any CPU
	EndGlobalSection
	GlobalSection(ProjectConfigurationPlatforms) = postSolution
		{F67D4544-95DE-48B9-90F3-933886755AA7}.Debug|Any CPU.ActiveCfg = Debug|Any CPU
		{F67D4544-95DE-48B9-90F3-933886755AA7}.Debug|Any CPU.Build.0 = Debug|Any CPU
		{F67D4544-95DE-48B9-90F3-933886755AA7}.Release|Any CPU.ActiveCfg = Release|Any CPU
		{F67D4544-95DE-48B9-90F3-933886755AA7}.Release|Any CPU.Build.0 = Release|Any CPU
	EndGlobalSection
	GlobalSection(SolutionProperties) = preSolution
		HideSolutionNode = FALSE
	EndGlobalSection
	GlobalSection(ExtensibilityGlobals) = postSolution
		SolutionGuid = {0203BE62-015B-435E-8F95-10FE1D45A69A}
	EndGlobalSection
EndGlobal
